
Microsoft Visual Studio Solution File, Format Version 12.00
# Visual Studio Version 17
VisualStudioVersion = 17.6.33829.357
MinimumVisualStudioVersion = 10.0.40219.1
Project("{8BC9CEB8-8B4A-11D0-8D11-00A0C91BC942}") = "Raytracer1", "Raytracer1.vcxproj", "{F315166F-8067-481B-BB5B-DC217944110E}"
EndProject
Global
	GlobalSection(SolutionConfigurationPlatforms) = preSolution
		Debug|x64 = Debug|x64
		Debug|x86 = Debug|x86
		Release|x64 = Release|x64
		Release|x86 = Release|x86
	EndGlobalSection
	GlobalSection(ProjectConfigurationPlatforms) = postSolution
		{F315166F-8067-481B-BB5B-DC217944110E}.Debug|x64.ActiveCfg = Debug|x64
		{F315166F-8067-481B-BB5B-DC217944110E}.Debug|x64.Build.0 = Debug|x64
		{F315166F-8067-481B-BB5B-DC217944110E}.Debug|x86.ActiveCfg = Debug|Win32
		{F315166F-8067-481B-BB5B-DC217944110E}.Debug|x86.Build.0 = Debug|Win32
		{F315166F-8067-481B-BB5B-DC217944110E}.Release|x64.ActiveCfg = Release|x64
		{F315166F-8067-481B-BB5B-DC217944110E}.Release|x64.Build.0 = Release|x64
		{F315166F-8067-481B-BB5B-DC217944110E}.Release|x86.ActiveCfg = Release|Win32
		{F315166F-8067-481B-BB5B-DC217944110E}.Release|x86.Build.0 = Release|Win32
	EndGlobalSection
	GlobalSection(SolutionProperties) = preSolution
		HideSolutionNode = FALSE
	EndGlobalSection
	GlobalSection(ExtensibilityGlobals) = postSolution
		SolutionGuid = {9B67320B-4F82-481C-9027-8B9E4FB1C181}
	EndGlobalSection
EndGlobal
